
Microsoft Visual Studio Solution File, Format Version 12.00
# Visual Studio Version 16
VisualStudioVersion = 16.0.31005.135
MinimumVisualStudioVersion = 10.0.40219.1
Project("{FAE04EC0-301F-11D3-BF4B-00C04F79EFBC}") = "University-binary-tree", "University-binary-tree.csproj", "{2F0FB30B-A398-4BBE-9790-6CAF325D1FA8}"
EndProject
Global
	GlobalSection(SolutionConfigurationPlatforms) = preSolution
		Debug|Any CPU = Debug|Any CPU
		Release|Any CPU = Release|Any CPU
	EndGlobalSection
	GlobalSection(ProjectConfigurationPlatforms) = postSolution
		{2F0FB30B-A398-4BBE-9790-6CAF325D1FA8}.Debug|Any CPU.ActiveCfg = Debug|Any CPU
		{2F0FB30B-A398-4BBE-9790-6CAF325D1FA8}.Debug|Any CPU.Build.0 = Debug|Any CPU
		{2F0FB30B-A398-4BBE-9790-6CAF325D1FA8}.Release|Any CPU.ActiveCfg = Release|Any CPU
		{2F0FB30B-A398-4BBE-9790-6CAF325D1FA8}.Release|Any CPU.Build.0 = Release|Any CPU
	EndGlobalSection
	GlobalSection(SolutionProperties) = preSolution
		HideSolutionNode = FALSE
	EndGlobalSection
	GlobalSection(ExtensibilityGlobals) = postSolution
		SolutionGuid = {E6DC68F4-453C-4470-B00D-D252ACE7ECEA}
	EndGlobalSection
EndGlobal
